# THIS IS AN AUTOGENERATED FILE. DO NOT EDIT THIS FILE DIRECTLY.
# yarn lockfile v1


toosoon-utils@latest:
  version "4.0.1"
  resolved "https://registry.yarnpkg.com/toosoon-utils/-/toosoon-utils-4.0.1.tgz#6f4a4c8e13f95bf2be8d8a89f052157b97db1b38"
  integrity sha512-4HJV635NU//krJk4NB5/yE/tA5j1E9ekx9FirL3KSDZmEpkvI5vshR0Mycv1BiG2yTFn2V2rJm0S7CIyhD4DUw==

typescript@^5.4.2:
  version "5.4.2"
  resolved "https://registry.yarnpkg.com/typescript/-/typescript-5.4.2.tgz#0ae9cebcfae970718474fe0da2c090cad6577372"
  integrity sha512-+2/g0Fds1ERlP6JsakQQDXjZdZMM+rqpamFZJEKh4kwTIn3iDkgKtby0CeNd5ATNZ4Ry1ax15TMx0W2V+miizQ==
