# THIS IS AN AUTOGENERATED FILE. DO NOT EDIT THIS FILE DIRECTLY.
# yarn lockfile v1


toosoon-gui@^2.1.0:
  version "2.1.0"
  resolved "https://registry.yarnpkg.com/toosoon-gui/-/toosoon-gui-2.1.0.tgz#bd5be75fa424bcd955ee6080be85809ca6d6713e"
  integrity sha512-JhQjAiFL/+PsCTHAPzKZZWpxVbjmQw/oqGWy1w+b26UM7CWUcytI4e10i5f3d1Ys11FgG7r3azbWYpI4zMwBBQ==
  dependencies:
    toosoon-utils "^2.1.0"

toosoon-prng@^2.4.0:
  version "2.4.0"
  resolved "https://registry.yarnpkg.com/toosoon-prng/-/toosoon-prng-2.4.0.tgz#0e559cf444aac9eb3f0e053072a35f2e84b89e7b"
  integrity sha512-Vyx2R44XBqEDapaDpNDNCeSSFaEqFgwKf8YbsvYAkSuRKqQqcNrjeLgWyrulB9ejNv/zy1rt958mTLZDNVGWzQ==

toosoon-utils@^2.1.0:
  version "2.1.0"
  resolved "https://registry.yarnpkg.com/toosoon-utils/-/toosoon-utils-2.1.0.tgz#c60734f71898c118a0e884d92510629b9fff3e8e"
  integrity sha512-8i4uebuOLmCd0DsRiFPcgW3eTE1pp1alRIv+Ixkuht5dw9HSe4YTCJMGHYMH4GQfUGZMw2voYRGTI7f0t3jK/g==
