# THIS IS AN AUTOGENERATED FILE. DO NOT EDIT THIS FILE DIRECTLY.
# yarn lockfile v1


"@tweakpane/core@^2.0.5":
  version "2.0.5"
  resolved "https://registry.yarnpkg.com/@tweakpane/core/-/core-2.0.5.tgz#bae776cd530b31f5e5424641411d4b20c3baed8e"
  integrity sha512-punBgD5rKCF5vcNo6BsSOXiDR/NSs9VM7SG65QSLJIxfRaGgj54ree9zQW6bO3pNFf3AogiGgaNODUVQRk9YqQ==

toosoon-prng@^4.0.0:
  version "4.0.0"
  resolved "https://registry.yarnpkg.com/toosoon-prng/-/toosoon-prng-4.0.0.tgz#110e9cc02b83e863e1b82c3a9e413a205c622800"
  integrity sha512-4Rm6gc31TKnGR5aswE2bf2Bx6zv0BAUjVelS20TdCor5ZZzQCXEIOLyaIRYuih83vU5Wh9e/EgyrkDfG9qlQMg==
  dependencies:
    toosoon-utils "^4.0.0"

toosoon-utils@^4.0.0:
  version "4.0.0"
  resolved "https://registry.yarnpkg.com/toosoon-utils/-/toosoon-utils-4.0.0.tgz#3e2f20a70c9797a9ce980bfe0f8c7e8ce3dd96ab"
  integrity sha512-CI06ouRZea6ccIF0VB87NfbJvwZLJvv52HZQRnARocWBmIHMO0KxyTsLFzOZPELhxe4NNO0xknGEMIt1J91b9w==

typescript@^5.4.2:
  version "5.4.2"
  resolved "https://registry.yarnpkg.com/typescript/-/typescript-5.4.2.tgz#0ae9cebcfae970718474fe0da2c090cad6577372"
  integrity sha512-+2/g0Fds1ERlP6JsakQQDXjZdZMM+rqpamFZJEKh4kwTIn3iDkgKtby0CeNd5ATNZ4Ry1ax15TMx0W2V+miizQ==
