# THIS IS AN AUTOGENERATED FILE. DO NOT EDIT THIS FILE DIRECTLY.
# yarn lockfile v1


"@tweakpane/core@^2.0.5":
  version "2.0.5"
  resolved "https://registry.yarnpkg.com/@tweakpane/core/-/core-2.0.5.tgz#bae776cd530b31f5e5424641411d4b20c3baed8e"
  integrity sha512-punBgD5rKCF5vcNo6BsSOXiDR/NSs9VM7SG65QSLJIxfRaGgj54ree9zQW6bO3pNFf3AogiGgaNODUVQRk9YqQ==

toosoon-prng@latest:
  version "4.0.2"
  resolved "https://registry.yarnpkg.com/toosoon-prng/-/toosoon-prng-4.0.2.tgz#ca1ba0de7bd93163dab9a19e56a0055ea9e6c969"
  integrity sha512-CcZfEsoSeFHAtENk/438cjvYxY/hEKO65Y3dRW6u8FfnOy6BPTkZWy74PgKAQBVOz6Kqy9gn12JVYvcH1d49mg==
  dependencies:
    toosoon-utils latest

toosoon-utils@latest:
  version "4.0.2"
  resolved "https://registry.yarnpkg.com/toosoon-utils/-/toosoon-utils-4.0.2.tgz#0e0498381f9a3c0922cd16ffd233938b75f01f41"
  integrity sha512-4Tbgln5LgDmSiTXTyl44i1XUvEV6WB3cEipe/MCk8YD6KjfpW99IXEjpYi89SRKpvMjdVQGifjY+nocYUDMwwA==

typescript@^5.4.2:
  version "5.4.2"
  resolved "https://registry.yarnpkg.com/typescript/-/typescript-5.4.2.tgz#0ae9cebcfae970718474fe0da2c090cad6577372"
  integrity sha512-+2/g0Fds1ERlP6JsakQQDXjZdZMM+rqpamFZJEKh4kwTIn3iDkgKtby0CeNd5ATNZ4Ry1ax15TMx0W2V+miizQ==
